
Microsoft Visual Studio Solution File, Format Version 12.00
# Visual Studio Version 16
VisualStudioVersion = 16.0.30011.22
MinimumVisualStudioVersion = 10.0.40219.1
Project("{FAE04EC0-301F-11D3-BF4B-00C04F79EFBC}") = "TwitterSentiment", "TwitterSentiment\TwitterSentiment.csproj", "{02543027-8CCF-4BFB-A84A-FA3D58E2FDD4}"
EndProject
Global
	GlobalSection(SolutionConfigurationPlatforms) = preSolution
		Debug|Any CPU = Debug|Any CPU
		Release|Any CPU = Release|Any CPU
	EndGlobalSection
	GlobalSection(ProjectConfigurationPlatforms) = postSolution
		{02543027-8CCF-4BFB-A84A-FA3D58E2FDD4}.Debug|Any CPU.ActiveCfg = Debug|Any CPU
		{02543027-8CCF-4BFB-A84A-FA3D58E2FDD4}.Debug|Any CPU.Build.0 = Debug|Any CPU
		{02543027-8CCF-4BFB-A84A-FA3D58E2FDD4}.Release|Any CPU.ActiveCfg = Release|Any CPU
		{02543027-8CCF-4BFB-A84A-FA3D58E2FDD4}.Release|Any CPU.Build.0 = Release|Any CPU
	EndGlobalSection
	GlobalSection(SolutionProperties) = preSolution
		HideSolutionNode = FALSE
	EndGlobalSection
	GlobalSection(ExtensibilityGlobals) = postSolution
		SolutionGuid = {A773C3E2-4410-48D0-8C23-70368E5FEBD8}
	EndGlobalSection
EndGlobal
